
Microsoft Visual Studio Solution File, Format Version 12.00
# Visual Studio Version 17
VisualStudioVersion = 17.12.35527.113
MinimumVisualStudioVersion = 10.0.40219.1
Project("{FAE04EC0-301F-11D3-BF4B-00C04F79EFBC}") = "Inventory", "Inventory.csproj", "{2B4E85BF-AAC2-4792-ABBB-B42F76BD0D05}"
EndProject
Project("{FAE04EC0-301F-11D3-BF4B-00C04F79EFBC}") = "Assignment_3_xUnitTests", "..\Assignment_3_xUnitTests\Assignment_3_xUnitTests.csproj", "{3C91FF67-F442-44CA-9FA1-26BD6E83D4F2}"
EndProject
Global
	GlobalSection(SolutionConfigurationPlatforms) = preSolution
		Debug|Any CPU = Debug|Any CPU
		Release|Any CPU = Release|Any CPU
	EndGlobalSection
	GlobalSection(ProjectConfigurationPlatforms) = postSolution
		{2B4E85BF-AAC2-4792-ABBB-B42F76BD0D05}.Debug|Any CPU.ActiveCfg = Debug|Any CPU
		{2B4E85BF-AAC2-4792-ABBB-B42F76BD0D05}.Debug|Any CPU.Build.0 = Debug|Any CPU
		{2B4E85BF-AAC2-4792-ABBB-B42F76BD0D05}.Release|Any CPU.ActiveCfg = Release|Any CPU
		{2B4E85BF-AAC2-4792-ABBB-B42F76BD0D05}.Release|Any CPU.Build.0 = Release|Any CPU
		{3C91FF67-F442-44CA-9FA1-26BD6E83D4F2}.Debug|Any CPU.ActiveCfg = Debug|Any CPU
		{3C91FF67-F442-44CA-9FA1-26BD6E83D4F2}.Debug|Any CPU.Build.0 = Debug|Any CPU
		{3C91FF67-F442-44CA-9FA1-26BD6E83D4F2}.Release|Any CPU.ActiveCfg = Release|Any CPU
		{3C91FF67-F442-44CA-9FA1-26BD6E83D4F2}.Release|Any CPU.Build.0 = Release|Any CPU
	EndGlobalSection
	GlobalSection(SolutionProperties) = preSolution
		HideSolutionNode = FALSE
	EndGlobalSection
EndGlobal
