
Microsoft Visual Studio Solution File, Format Version 12.00
# Visual Studio Version 17
VisualStudioVersion = 17.12.35728.132
MinimumVisualStudioVersion = 10.0.40219.1
Project("{FAE04EC0-301F-11D3-BF4B-00C04F79EFBC}") = "A_GreetingsApp", "A_GreetingsApp\A_GreetingsApp.csproj", "{03D8F004-F35A-4667-BB1D-287341FB0757}"
EndProject
Project("{FAE04EC0-301F-11D3-BF4B-00C04F79EFBC}") = "E_ValidateApp", "E_ValidateApp\E_ValidateApp.csproj", "{D13CDD7A-B883-4238-88CE-414A7F3F9ECC}"
EndProject
Project("{FAE04EC0-301F-11D3-BF4B-00C04F79EFBC}") = "D_UtilityApp", "D_UtilityApp1\D_UtilityApp.csproj", "{AC437CA7-400F-4DB9-979B-0F8BEC03C619}"
EndProject
Project("{FAE04EC0-301F-11D3-BF4B-00C04F79EFBC}") = "C_DisplayApp1", "C_DisplayApp1\C_DisplayApp1.csproj", "{2506EA3B-39AE-4352-9018-E506FE7EF8B7}"
EndProject
Project("{FAE04EC0-301F-11D3-BF4B-00C04F79EFBC}") = "B_MathApp", "B_MathApp1\B_MathApp.csproj", "{E8B70CD1-6470-44F5-8C5B-A578C4C87A3E}"
EndProject
Global
	GlobalSection(SolutionConfigurationPlatforms) = preSolution
		Debug|Any CPU = Debug|Any CPU
		Release|Any CPU = Release|Any CPU
	EndGlobalSection
	GlobalSection(ProjectConfigurationPlatforms) = postSolution
		{03D8F004-F35A-4667-BB1D-287341FB0757}.Debug|Any CPU.ActiveCfg = Debug|Any CPU
		{03D8F004-F35A-4667-BB1D-287341FB0757}.Debug|Any CPU.Build.0 = Debug|Any CPU
		{03D8F004-F35A-4667-BB1D-287341FB0757}.Release|Any CPU.ActiveCfg = Release|Any CPU
		{03D8F004-F35A-4667-BB1D-287341FB0757}.Release|Any CPU.Build.0 = Release|Any CPU
		{D13CDD7A-B883-4238-88CE-414A7F3F9ECC}.Debug|Any CPU.ActiveCfg = Debug|Any CPU
		{D13CDD7A-B883-4238-88CE-414A7F3F9ECC}.Debug|Any CPU.Build.0 = Debug|Any CPU
		{D13CDD7A-B883-4238-88CE-414A7F3F9ECC}.Release|Any CPU.ActiveCfg = Release|Any CPU
		{D13CDD7A-B883-4238-88CE-414A7F3F9ECC}.Release|Any CPU.Build.0 = Release|Any CPU
		{AC437CA7-400F-4DB9-979B-0F8BEC03C619}.Debug|Any CPU.ActiveCfg = Debug|Any CPU
		{AC437CA7-400F-4DB9-979B-0F8BEC03C619}.Debug|Any CPU.Build.0 = Debug|Any CPU
		{AC437CA7-400F-4DB9-979B-0F8BEC03C619}.Release|Any CPU.ActiveCfg = Release|Any CPU
		{AC437CA7-400F-4DB9-979B-0F8BEC03C619}.Release|Any CPU.Build.0 = Release|Any CPU
		{2506EA3B-39AE-4352-9018-E506FE7EF8B7}.Debug|Any CPU.ActiveCfg = Debug|Any CPU
		{2506EA3B-39AE-4352-9018-E506FE7EF8B7}.Debug|Any CPU.Build.0 = Debug|Any CPU
		{2506EA3B-39AE-4352-9018-E506FE7EF8B7}.Release|Any CPU.ActiveCfg = Release|Any CPU
		{2506EA3B-39AE-4352-9018-E506FE7EF8B7}.Release|Any CPU.Build.0 = Release|Any CPU
		{E8B70CD1-6470-44F5-8C5B-A578C4C87A3E}.Debug|Any CPU.ActiveCfg = Debug|Any CPU
		{E8B70CD1-6470-44F5-8C5B-A578C4C87A3E}.Debug|Any CPU.Build.0 = Debug|Any CPU
		{E8B70CD1-6470-44F5-8C5B-A578C4C87A3E}.Release|Any CPU.ActiveCfg = Release|Any CPU
		{E8B70CD1-6470-44F5-8C5B-A578C4C87A3E}.Release|Any CPU.Build.0 = Release|Any CPU
	EndGlobalSection
	GlobalSection(SolutionProperties) = preSolution
		HideSolutionNode = FALSE
	EndGlobalSection
EndGlobal
